
Microsoft Visual Studio Solution File, Format Version 12.00
# Visual Studio Version 17
VisualStudioVersion = 17.10.35013.160
MinimumVisualStudioVersion = 10.0.40219.1
Project("{FAE04EC0-301F-11D3-BF4B-00C04F79EFBC}") = "SpendSmart", "SpendSmart.csproj", "{A3FCE066-0F6D-483D-BE47-0831B3F4EEFC}"
EndProject
Global
	GlobalSection(SolutionConfigurationPlatforms) = preSolution
		Debug|Any CPU = Debug|Any CPU
		Release|Any CPU = Release|Any CPU
	EndGlobalSection
	GlobalSection(ProjectConfigurationPlatforms) = postSolution
		{A3FCE066-0F6D-483D-BE47-0831B3F4EEFC}.Debug|Any CPU.ActiveCfg = Debug|Any CPU
		{A3FCE066-0F6D-483D-BE47-0831B3F4EEFC}.Debug|Any CPU.Build.0 = Debug|Any CPU
		{A3FCE066-0F6D-483D-BE47-0831B3F4EEFC}.Release|Any CPU.ActiveCfg = Release|Any CPU
		{A3FCE066-0F6D-483D-BE47-0831B3F4EEFC}.Release|Any CPU.Build.0 = Release|Any CPU
	EndGlobalSection
	GlobalSection(SolutionProperties) = preSolution
		HideSolutionNode = FALSE
	EndGlobalSection
	GlobalSection(ExtensibilityGlobals) = postSolution
		SolutionGuid = {2F10F8C9-CD90-454C-988F-62171097F7F8}
	EndGlobalSection
EndGlobal
